
Microsoft Visual Studio Solution File, Format Version 12.00
# Visual Studio 2013
VisualStudioVersion = 12.0.30501.0
MinimumVisualStudioVersion = 10.0.40219.1
Project("{FAE04EC0-301F-11D3-BF4B-00C04F79EFBC}") = "GameOfLife", "GameOfLife\GameOfLife\GameOfLife.csproj", "{1AB73F86-5EC0-434E-A99A-2DB3781ED8D0}"
EndProject
Project("{96E2B04D-8817-42C6-938A-82C39BA4D311}") = "GameOfLifeContent", "GameOfLife\GameOfLifeContent\GameOfLifeContent.contentproj", "{9F4CC5EB-FCA5-40A4-AE42-60E25C9A67D8}"
EndProject
Global
	GlobalSection(SolutionConfigurationPlatforms) = preSolution
		Debug|x86 = Debug|x86
		Release|x86 = Release|x86
	EndGlobalSection
	GlobalSection(ProjectConfigurationPlatforms) = postSolution
		{1AB73F86-5EC0-434E-A99A-2DB3781ED8D0}.Debug|x86.ActiveCfg = Debug|x86
		{1AB73F86-5EC0-434E-A99A-2DB3781ED8D0}.Debug|x86.Build.0 = Debug|x86
		{1AB73F86-5EC0-434E-A99A-2DB3781ED8D0}.Release|x86.ActiveCfg = Release|x86
		{1AB73F86-5EC0-434E-A99A-2DB3781ED8D0}.Release|x86.Build.0 = Release|x86
		{9F4CC5EB-FCA5-40A4-AE42-60E25C9A67D8}.Debug|x86.ActiveCfg = Debug|x86
		{9F4CC5EB-FCA5-40A4-AE42-60E25C9A67D8}.Release|x86.ActiveCfg = Release|x86
	EndGlobalSection
	GlobalSection(SolutionProperties) = preSolution
		HideSolutionNode = FALSE
	EndGlobalSection
EndGlobal
